
Microsoft Visual Studio Solution File, Format Version 12.00
# Visual Studio Version 16
VisualStudioVersion = 16.0.30804.86
MinimumVisualStudioVersion = 10.0.40219.1
Project("{9A19103F-16F7-4668-BE54-9A1E7A4F7556}") = "MLHDemosAPIs", "MLHDemosAPIs\MLHDemosAPIs.csproj", "{CF5C4B00-72EC-4DEF-88CF-EE4D8CC52FEF}"
EndProject
Project("{FAE04EC0-301F-11D3-BF4B-00C04F79EFBC}") = "MLHDemosDatabaseCreation", "MLHDemosDatabaseCreation\MLHDemosDatabaseCreation.csproj", "{A93A7CC7-B32A-427D-AEE9-9C3E8705B148}"
EndProject
Global
	GlobalSection(SolutionConfigurationPlatforms) = preSolution
		Debug|Any CPU = Debug|Any CPU
		Release|Any CPU = Release|Any CPU
	EndGlobalSection
	GlobalSection(ProjectConfigurationPlatforms) = postSolution
		{CF5C4B00-72EC-4DEF-88CF-EE4D8CC52FEF}.Debug|Any CPU.ActiveCfg = Debug|Any CPU
		{CF5C4B00-72EC-4DEF-88CF-EE4D8CC52FEF}.Debug|Any CPU.Build.0 = Debug|Any CPU
		{CF5C4B00-72EC-4DEF-88CF-EE4D8CC52FEF}.Release|Any CPU.ActiveCfg = Release|Any CPU
		{CF5C4B00-72EC-4DEF-88CF-EE4D8CC52FEF}.Release|Any CPU.Build.0 = Release|Any CPU
		{A93A7CC7-B32A-427D-AEE9-9C3E8705B148}.Debug|Any CPU.ActiveCfg = Debug|Any CPU
		{A93A7CC7-B32A-427D-AEE9-9C3E8705B148}.Debug|Any CPU.Build.0 = Debug|Any CPU
		{A93A7CC7-B32A-427D-AEE9-9C3E8705B148}.Release|Any CPU.ActiveCfg = Release|Any CPU
		{A93A7CC7-B32A-427D-AEE9-9C3E8705B148}.Release|Any CPU.Build.0 = Release|Any CPU
	EndGlobalSection
	GlobalSection(SolutionProperties) = preSolution
		HideSolutionNode = FALSE
	EndGlobalSection
	GlobalSection(ExtensibilityGlobals) = postSolution
		SolutionGuid = {06C2D395-BC1B-47A4-8884-5340C9D53C8F}
	EndGlobalSection
EndGlobal
